{
  "name": "ai-projects-workspace",
  "lockfileVersion": 3,
  "requires": true,
  "packages": {
    "": {
      "name": "ai-projects-workspace",
      "dependencies": {
        "ai-projects-workspace": "file:"
      }
    },
    "node_modules/ai-projects-workspace": {
      "resolved": "",
      "link": true
    }
  }
}
